
Microsoft Visual Studio Solution File, Format Version 12.00
# Visual Studio Version 16
VisualStudioVersion = 16.0.31702.278
MinimumVisualStudioVersion = 10.0.40219.1
Project("{FAE04EC0-301F-11D3-BF4B-00C04F79EFBC}") = "CatalogoRacaoAPI", "CatalogoRacaoAPI.csproj", "{4C1C0C80-9C4F-4032-BEB1-6D8732987F87}"
EndProject
Global
	GlobalSection(SolutionConfigurationPlatforms) = preSolution
		Debug|Any CPU = Debug|Any CPU
		Release|Any CPU = Release|Any CPU
	EndGlobalSection
	GlobalSection(ProjectConfigurationPlatforms) = postSolution
		{4C1C0C80-9C4F-4032-BEB1-6D8732987F87}.Debug|Any CPU.ActiveCfg = Debug|Any CPU
		{4C1C0C80-9C4F-4032-BEB1-6D8732987F87}.Debug|Any CPU.Build.0 = Debug|Any CPU
		{4C1C0C80-9C4F-4032-BEB1-6D8732987F87}.Release|Any CPU.ActiveCfg = Release|Any CPU
		{4C1C0C80-9C4F-4032-BEB1-6D8732987F87}.Release|Any CPU.Build.0 = Release|Any CPU
	EndGlobalSection
	GlobalSection(SolutionProperties) = preSolution
		HideSolutionNode = FALSE
	EndGlobalSection
	GlobalSection(ExtensibilityGlobals) = postSolution
		SolutionGuid = {33957D82-772C-4678-96B5-571C702C2E51}
	EndGlobalSection
EndGlobal
